
Microsoft Visual Studio Solution File, Format Version 12.00
# Visual Studio 2012
Project("{8BC9CEB8-8B4A-11D0-8D11-00A0C91BC942}") = "myString", "myString\myString.vcxproj", "{B5DC91B5-2FEA-41E3-94E1-C162015E6C5C}"
EndProject
Project("{8BC9CEB8-8B4A-11D0-8D11-00A0C91BC942}") = "stringTest", "stringTest\stringTest.vcxproj", "{17DCAA8B-A16D-440D-991C-1F371206B20E}"
	ProjectSection(ProjectDependencies) = postProject
		{B5DC91B5-2FEA-41E3-94E1-C162015E6C5C} = {B5DC91B5-2FEA-41E3-94E1-C162015E6C5C}
	EndProjectSection
EndProject
Global
	GlobalSection(SolutionConfigurationPlatforms) = preSolution
		Debug|Win32 = Debug|Win32
		Release|Win32 = Release|Win32
	EndGlobalSection
	GlobalSection(ProjectConfigurationPlatforms) = postSolution
		{B5DC91B5-2FEA-41E3-94E1-C162015E6C5C}.Debug|Win32.ActiveCfg = Debug|Win32
		{B5DC91B5-2FEA-41E3-94E1-C162015E6C5C}.Debug|Win32.Build.0 = Debug|Win32
		{B5DC91B5-2FEA-41E3-94E1-C162015E6C5C}.Release|Win32.ActiveCfg = Release|Win32
		{B5DC91B5-2FEA-41E3-94E1-C162015E6C5C}.Release|Win32.Build.0 = Release|Win32
		{17DCAA8B-A16D-440D-991C-1F371206B20E}.Debug|Win32.ActiveCfg = Debug|Win32
		{17DCAA8B-A16D-440D-991C-1F371206B20E}.Debug|Win32.Build.0 = Debug|Win32
		{17DCAA8B-A16D-440D-991C-1F371206B20E}.Release|Win32.ActiveCfg = Release|Win32
		{17DCAA8B-A16D-440D-991C-1F371206B20E}.Release|Win32.Build.0 = Release|Win32
	EndGlobalSection
	GlobalSection(SolutionProperties) = preSolution
		HideSolutionNode = FALSE
	EndGlobalSection
EndGlobal
